
Microsoft Visual Studio Solution File, Format Version 11.00
# Visual Studio 2010
Project("{FAE04EC0-301F-11D3-BF4B-00C04F79EFBC}") = "N2.S3Filesystem", "N2.S3Filesystem\N2.S3Filesystem.csproj", "{17B2E276-0453-421C-9ECB-C86374F78E8A}"
EndProject
Global
	GlobalSection(SolutionConfigurationPlatforms) = preSolution
		Debug|Any CPU = Debug|Any CPU
		Release|Any CPU = Release|Any CPU
	EndGlobalSection
	GlobalSection(ProjectConfigurationPlatforms) = postSolution
		{17B2E276-0453-421C-9ECB-C86374F78E8A}.Debug|Any CPU.ActiveCfg = Debug|Any CPU
		{17B2E276-0453-421C-9ECB-C86374F78E8A}.Debug|Any CPU.Build.0 = Debug|Any CPU
		{17B2E276-0453-421C-9ECB-C86374F78E8A}.Release|Any CPU.ActiveCfg = Release|Any CPU
		{17B2E276-0453-421C-9ECB-C86374F78E8A}.Release|Any CPU.Build.0 = Release|Any CPU
	EndGlobalSection
	GlobalSection(SolutionProperties) = preSolution
		HideSolutionNode = FALSE
	EndGlobalSection
EndGlobal
